
Microsoft Visual Studio Solution File, Format Version 12.00
# Visual Studio Version 17
VisualStudioVersion = 17.0.31903.59
MinimumVisualStudioVersion = 10.0.40219.1
Project("{FAE04EC0-301F-11D3-BF4B-00C04F79EFBC}") = "DIO_Abstraindo_Celular", "DIO_Abstraindo_Celular.csproj", "{B962ED92-EF08-40B1-9337-4E22FAA62E91}"
EndProject
Global
	GlobalSection(SolutionConfigurationPlatforms) = preSolution
		Debug|Any CPU = Debug|Any CPU
		Release|Any CPU = Release|Any CPU
	EndGlobalSection
	GlobalSection(SolutionProperties) = preSolution
		HideSolutionNode = FALSE
	EndGlobalSection
	GlobalSection(ProjectConfigurationPlatforms) = postSolution
		{B962ED92-EF08-40B1-9337-4E22FAA62E91}.Debug|Any CPU.ActiveCfg = Debug|Any CPU
		{B962ED92-EF08-40B1-9337-4E22FAA62E91}.Debug|Any CPU.Build.0 = Debug|Any CPU
		{B962ED92-EF08-40B1-9337-4E22FAA62E91}.Release|Any CPU.ActiveCfg = Release|Any CPU
		{B962ED92-EF08-40B1-9337-4E22FAA62E91}.Release|Any CPU.Build.0 = Release|Any CPU
	EndGlobalSection
EndGlobal
